github.com/franela/goblin v0.0.0-20211003143422-0a4f594942bf h1:NrF81UtW8gG2LBGkXFQFqlfNnvMt9WdB46sfdJY4oqc=
github.com/growthbook/growthbook-golang v0.1.1 h1:5igopA1b0+KCzOJ9d+Hlp1e8dMU6Aoxfa9971gUjV9E=
github.com/growthbook/growthbook-golang v0.1.1/go.mod h1:4Nmf/PTiLBnlkxI35raj0PvV4+mbQrREEzoENs9t3No=
